{
  "name": "lime-web-component-interfaces",
  "version": "1.6.0",
  "lockfileVersion": 1,
  "requires": true,
  "dependencies": {
    "typescript": {
      "version": "3.0.3",
      "resolved": "http://npm.lundalogik.com:4873/typescript/-/typescript-3.0.3.tgz",
      "integrity": "sha512-kk80vLW9iGtjMnIv11qyxLqZm20UklzuR2tL0QAnDIygIUIemcZMxlMWudl9OOt76H3ntVzcTiddQ1/pAAJMYg==",
      "dev": true
    }
  }
}
