{
    "name": "lime-web-components",
    "version": "0.1.0",
    "lockfileVersion": 1,
    "requires": true,
    "dependencies": {
        "@lime-web-components/commands": {
            "version": "0.1.0",
            "requires": {
                "@lime-web-components/interfaces": "^0.1.0"
            }
        },
        "@lime-web-components/decorators": {
            "version": "0.1.0",
            "requires": {
                "@lime-web-components/interfaces": "^0.1.0"
            }
        },
        "@lime-web-components/interfaces": {
            "version": "0.1.0"
        }
    }
}
