{
  "name": "@limetech/lime-web-components",
  "version": "0.1.0",
  "lockfileVersion": 1,
  "requires": true,
  "dependencies": {
    "@limetech/lime-web-components-commands": {
      "version": "0.1.0",
      "requires": {
        "@limetech/lime-web-components-interfaces": "^0.1.0"
      }
    },
    "@limetech/lime-web-components-decorators": {
      "version": "0.1.0",
      "requires": {
        "@limetech/lime-web-components-interfaces": "^0.1.0"
      }
    },
    "@limetech/lime-web-components-interfaces": {
      "version": "0.1.0"
    }
  }
}
